
Microsoft Visual Studio Solution File, Format Version 12.00
# Visual Studio 15
VisualStudioVersion = 15.0.26430.14
MinimumVisualStudioVersion = 10.0.40219.1
Project("{FAE04EC0-301F-11D3-BF4B-00C04F79EFBC}") = "TeamplateHotel_satek", "TeamplateHotel\TeamplateHotel_satek.csproj", "{7F3E8747-20F1-4A9D-AAD3-2D57960DA533}"
EndProject
Project("{FAE04EC0-301F-11D3-BF4B-00C04F79EFBC}") = "ProjectLibrary", "ProjectLibrary\ProjectLibrary.csproj", "{5C8E1886-5897-4B2E-8B79-5083C67BB8E7}"
EndProject
Global
	GlobalSection(SolutionConfigurationPlatforms) = preSolution
		Debug|Any CPU = Debug|Any CPU
		Release|Any CPU = Release|Any CPU
	EndGlobalSection
	GlobalSection(ProjectConfigurationPlatforms) = postSolution
		{7F3E8747-20F1-4A9D-AAD3-2D57960DA533}.Debug|Any CPU.ActiveCfg = Debug|Any CPU
		{7F3E8747-20F1-4A9D-AAD3-2D57960DA533}.Debug|Any CPU.Build.0 = Debug|Any CPU
		{7F3E8747-20F1-4A9D-AAD3-2D57960DA533}.Release|Any CPU.ActiveCfg = Release|Any CPU
		{7F3E8747-20F1-4A9D-AAD3-2D57960DA533}.Release|Any CPU.Build.0 = Release|Any CPU
		{5C8E1886-5897-4B2E-8B79-5083C67BB8E7}.Debug|Any CPU.ActiveCfg = Debug|Any CPU
		{5C8E1886-5897-4B2E-8B79-5083C67BB8E7}.Debug|Any CPU.Build.0 = Debug|Any CPU
		{5C8E1886-5897-4B2E-8B79-5083C67BB8E7}.Release|Any CPU.ActiveCfg = Release|Any CPU
		{5C8E1886-5897-4B2E-8B79-5083C67BB8E7}.Release|Any CPU.Build.0 = Release|Any CPU
	EndGlobalSection
	GlobalSection(SolutionProperties) = preSolution
		HideSolutionNode = FALSE
	EndGlobalSection
EndGlobal
